
Microsoft Visual Studio Solution File, Format Version 12.00
# Visual Studio Version 16
VisualStudioVersion = 16.0.30621.155
MinimumVisualStudioVersion = 10.0.40219.1
Project("{9A19103F-16F7-4668-BE54-9A1E7A4F7556}") = "DronDelivery.Domain", "DronDelivery.Domain\DronDelivery.Domain.csproj", "{783C7DB5-254C-49F4-8893-9A33C03520C1}"
EndProject
Project("{9A19103F-16F7-4668-BE54-9A1E7A4F7556}") = "DronDelivery.Infraestructure", "DronDelivery.Infraestructure\DronDelivery.Infraestructure.csproj", "{2CAB3C47-5EEA-452B-8194-D121A64695D4}"
EndProject
Project("{9A19103F-16F7-4668-BE54-9A1E7A4F7556}") = "DronDelivery.Services", "DronDelivery.Services\DronDelivery.Services.csproj", "{24C3C4BF-15E4-4A21-9815-961444829710}"
EndProject
Project("{FAE04EC0-301F-11D3-BF4B-00C04F79EFBC}") = "DronDelivery.Test", "DronDeliveryTest\DronDelivery.Test.csproj", "{E3785424-8213-4063-A08C-5374709605D3}"
EndProject
Global
	GlobalSection(SolutionConfigurationPlatforms) = preSolution
		Debug|Any CPU = Debug|Any CPU
		Release|Any CPU = Release|Any CPU
	EndGlobalSection
	GlobalSection(ProjectConfigurationPlatforms) = postSolution
		{783C7DB5-254C-49F4-8893-9A33C03520C1}.Debug|Any CPU.ActiveCfg = Debug|Any CPU
		{783C7DB5-254C-49F4-8893-9A33C03520C1}.Debug|Any CPU.Build.0 = Debug|Any CPU
		{783C7DB5-254C-49F4-8893-9A33C03520C1}.Release|Any CPU.ActiveCfg = Release|Any CPU
		{783C7DB5-254C-49F4-8893-9A33C03520C1}.Release|Any CPU.Build.0 = Release|Any CPU
		{2CAB3C47-5EEA-452B-8194-D121A64695D4}.Debug|Any CPU.ActiveCfg = Debug|Any CPU
		{2CAB3C47-5EEA-452B-8194-D121A64695D4}.Debug|Any CPU.Build.0 = Debug|Any CPU
		{2CAB3C47-5EEA-452B-8194-D121A64695D4}.Release|Any CPU.ActiveCfg = Release|Any CPU
		{2CAB3C47-5EEA-452B-8194-D121A64695D4}.Release|Any CPU.Build.0 = Release|Any CPU
		{24C3C4BF-15E4-4A21-9815-961444829710}.Debug|Any CPU.ActiveCfg = Debug|Any CPU
		{24C3C4BF-15E4-4A21-9815-961444829710}.Debug|Any CPU.Build.0 = Debug|Any CPU
		{24C3C4BF-15E4-4A21-9815-961444829710}.Release|Any CPU.ActiveCfg = Release|Any CPU
		{24C3C4BF-15E4-4A21-9815-961444829710}.Release|Any CPU.Build.0 = Release|Any CPU
		{E3785424-8213-4063-A08C-5374709605D3}.Debug|Any CPU.ActiveCfg = Debug|Any CPU
		{E3785424-8213-4063-A08C-5374709605D3}.Debug|Any CPU.Build.0 = Debug|Any CPU
		{E3785424-8213-4063-A08C-5374709605D3}.Release|Any CPU.ActiveCfg = Release|Any CPU
		{E3785424-8213-4063-A08C-5374709605D3}.Release|Any CPU.Build.0 = Release|Any CPU
	EndGlobalSection
	GlobalSection(SolutionProperties) = preSolution
		HideSolutionNode = FALSE
	EndGlobalSection
	GlobalSection(ExtensibilityGlobals) = postSolution
		SolutionGuid = {E1E0ABC0-C4D1-490B-BFC7-46421DD5C52F}
	EndGlobalSection
EndGlobal
